
Microsoft Visual Studio Solution File, Format Version 12.00
# Visual Studio 15
VisualStudioVersion = 15.0.27703.2018
MinimumVisualStudioVersion = 10.0.40219.1
Project("{FAE04EC0-301F-11D3-BF4B-00C04F79EFBC}") = "BotAppWithSpellCheck", "BotAppWithSpellCheck\BotAppWithSpellCheck.csproj", "{5B023C2B-9DA8-43F8-875F-8A4828FB65BC}"
EndProject
Global
	GlobalSection(SolutionConfigurationPlatforms) = preSolution
		Debug|Any CPU = Debug|Any CPU
		Release|Any CPU = Release|Any CPU
	EndGlobalSection
	GlobalSection(ProjectConfigurationPlatforms) = postSolution
		{5B023C2B-9DA8-43F8-875F-8A4828FB65BC}.Debug|Any CPU.ActiveCfg = Debug|Any CPU
		{5B023C2B-9DA8-43F8-875F-8A4828FB65BC}.Debug|Any CPU.Build.0 = Debug|Any CPU
		{5B023C2B-9DA8-43F8-875F-8A4828FB65BC}.Release|Any CPU.ActiveCfg = Release|Any CPU
		{5B023C2B-9DA8-43F8-875F-8A4828FB65BC}.Release|Any CPU.Build.0 = Release|Any CPU
	EndGlobalSection
	GlobalSection(SolutionProperties) = preSolution
		HideSolutionNode = FALSE
	EndGlobalSection
	GlobalSection(ExtensibilityGlobals) = postSolution
		SolutionGuid = {5544E2AB-5BAE-40D7-871C-B946F33C18E8}
	EndGlobalSection
EndGlobal
